
Microsoft Visual Studio Solution File, Format Version 12.00
# Visual Studio Version 17
VisualStudioVersion = 17.0.32112.339
MinimumVisualStudioVersion = 10.0.40219.1
Project("{9A19103F-16F7-4668-BE54-9A1E7A4F7556}") = "MineSharp.Core", "MineSharp.Core\MineSharp.Core.csproj", "{F766D40E-2890-43B5-9647-FCDAB5EDC6DA}"
EndProject
Project("{9A19103F-16F7-4668-BE54-9A1E7A4F7556}") = "MineSharp.Bot", "MineSharp.Bot\MineSharp.Bot.csproj", "{BE1F403C-749A-4AA1-A980-98BACB57ABC8}"
EndProject
Project("{2150E333-8FDC-42A3-9474-1A3956D46DE8}") = "Components", "Components", "{08FBDED7-F952-4266-BB96-93C475D53102}"
EndProject
Project("{9A19103F-16F7-4668-BE54-9A1E7A4F7556}") = "MineSharp.MojangAuth", "Components\MineSharp.MojangAuth\MineSharp.MojangAuth.csproj", "{9B8495C7-6AAD-403D-B2DC-E7786ECA08FF}"
EndProject
Project("{9A19103F-16F7-4668-BE54-9A1E7A4F7556}") = "MineSharp.Physics", "Components\MineSharp.Physics\MineSharp.Physics.csproj", "{20C63705-3CEC-4BD6-826F-A25FEC72E76A}"
EndProject
Project("{9A19103F-16F7-4668-BE54-9A1E7A4F7556}") = "MineSharp.Protocol", "Components\MineSharp.Protocol\MineSharp.Protocol.csproj", "{63B9829D-6F54-491A-A18D-1E71EF2974AF}"
EndProject
Project("{9A19103F-16F7-4668-BE54-9A1E7A4F7556}") = "MineSharp.World", "Components\MineSharp.World\MineSharp.World.csproj", "{CF68C4FC-ECC0-45D5-AB07-0E99BE677305}"
EndProject
Project("{2150E333-8FDC-42A3-9474-1A3956D46DE8}") = "Clients", "Clients", "{4A9970C9-AE02-4C9E-B25B-9145327982C1}"
EndProject
Project("{9A19103F-16F7-4668-BE54-9A1E7A4F7556}") = "MineSharp.ConsoleClient", "Clients\MineSharp.ConsoleClient\MineSharp.ConsoleClient.csproj", "{3ABD42E2-9AD0-44E7-A20C-47B55462586A}"
EndProject
Project("{2150E333-8FDC-42A3-9474-1A3956D46DE8}") = "Solution Items", "Solution Items", "{E598B1DD-945B-4C4E-9D31-D32E45ADD171}"
	ProjectSection(SolutionItems) = preProject
		README.md = README.md
	EndProjectSection
EndProject
Project("{9A19103F-16F7-4668-BE54-9A1E7A4F7556}") = "MineSharp.Windows", "Components\MineSharp.Windows\MineSharp.Windows.csproj", "{9E259831-5376-4A6E-8F78-BB4FC348C5EB}"
EndProject
Project("{2150E333-8FDC-42A3-9474-1A3956D46DE8}") = "Data", "Data", "{B2ED554B-4F6E-4B92-9CE6-2D5847B29FAE}"
EndProject
Project("{9A19103F-16F7-4668-BE54-9A1E7A4F7556}") = "MineSharp.Data.Generator", "Data\MineSharp.Data.Generator\MineSharp.Data.Generator.csproj", "{4BB5C24B-705E-47FD-86F6-32F71A6C2BD9}"
EndProject
Project("{9A19103F-16F7-4668-BE54-9A1E7A4F7556}") = "MineSharp.Data", "Data\MineSharp.Data\MineSharp.Data.csproj", "{0C8D9B20-59E9-4DF9-A144-EBB475B0AA0D}"
EndProject
Project("{2150E333-8FDC-42A3-9474-1A3956D46DE8}") = "Addons", "Addons", "{2570B4A5-3645-4A1F-93DF-F94079010964}"
EndProject
Project("{9A19103F-16F7-4668-BE54-9A1E7A4F7556}") = "MineSharp.Pathfinding", "Addons\MineSharp.Pathfinder\MineSharp.Pathfinding.csproj", "{4B25348C-394C-47F7-BEBF-A416EC876AA9}"
EndProject
Project("{2150E333-8FDC-42A3-9474-1A3956D46DE8}") = "Examples", "Examples", "{55452583-3B05-4348-9F32-5EF862A8670E}"
	ProjectSection(SolutionItems) = preProject
		Examples\README.md = Examples\README.md
	EndProjectSection
EndProject
Project("{9A19103F-16F7-4668-BE54-9A1E7A4F7556}") = "MineSharp.Examples.EchoBot", "Examples\MineSharp.Examples.EchoBot\MineSharp.Examples.EchoBot.csproj", "{BAD24E3F-D4B1-414C-A454-8436C13C94A7}"
EndProject
Project("{9A19103F-16F7-4668-BE54-9A1E7A4F7556}") = "MineSharp.Examples.Finder", "Examples\MineSharp.Examples.Finder\MineSharp.Examples.Finder.csproj", "{7E71C114-0942-4568-8CA4-AF37E870E317}"
EndProject
Project("{9A19103F-16F7-4668-BE54-9A1E7A4F7556}") = "MineSharp.Examples.Pathfinder", "Examples\MineSharp.Examples.Pathfinder\MineSharp.Examples.Pathfinder.csproj", "{3072619A-7A0D-4FF7-8582-95CDCD8887E6}"
EndProject
Global
	GlobalSection(SolutionConfigurationPlatforms) = preSolution
		Debug|Any CPU = Debug|Any CPU
		Release|Any CPU = Release|Any CPU
	EndGlobalSection
	GlobalSection(ProjectConfigurationPlatforms) = postSolution
		{F766D40E-2890-43B5-9647-FCDAB5EDC6DA}.Debug|Any CPU.ActiveCfg = Debug|Any CPU
		{F766D40E-2890-43B5-9647-FCDAB5EDC6DA}.Debug|Any CPU.Build.0 = Debug|Any CPU
		{F766D40E-2890-43B5-9647-FCDAB5EDC6DA}.Release|Any CPU.ActiveCfg = Release|Any CPU
		{F766D40E-2890-43B5-9647-FCDAB5EDC6DA}.Release|Any CPU.Build.0 = Release|Any CPU
		{BE1F403C-749A-4AA1-A980-98BACB57ABC8}.Debug|Any CPU.ActiveCfg = Debug|Any CPU
		{BE1F403C-749A-4AA1-A980-98BACB57ABC8}.Debug|Any CPU.Build.0 = Debug|Any CPU
		{BE1F403C-749A-4AA1-A980-98BACB57ABC8}.Release|Any CPU.ActiveCfg = Release|Any CPU
		{BE1F403C-749A-4AA1-A980-98BACB57ABC8}.Release|Any CPU.Build.0 = Release|Any CPU
		{9B8495C7-6AAD-403D-B2DC-E7786ECA08FF}.Debug|Any CPU.ActiveCfg = Debug|Any CPU
		{9B8495C7-6AAD-403D-B2DC-E7786ECA08FF}.Debug|Any CPU.Build.0 = Debug|Any CPU
		{9B8495C7-6AAD-403D-B2DC-E7786ECA08FF}.Release|Any CPU.ActiveCfg = Release|Any CPU
		{9B8495C7-6AAD-403D-B2DC-E7786ECA08FF}.Release|Any CPU.Build.0 = Release|Any CPU
		{20C63705-3CEC-4BD6-826F-A25FEC72E76A}.Debug|Any CPU.ActiveCfg = Debug|Any CPU
		{20C63705-3CEC-4BD6-826F-A25FEC72E76A}.Debug|Any CPU.Build.0 = Debug|Any CPU
		{20C63705-3CEC-4BD6-826F-A25FEC72E76A}.Release|Any CPU.ActiveCfg = Release|Any CPU
		{20C63705-3CEC-4BD6-826F-A25FEC72E76A}.Release|Any CPU.Build.0 = Release|Any CPU
		{63B9829D-6F54-491A-A18D-1E71EF2974AF}.Debug|Any CPU.ActiveCfg = Debug|Any CPU
		{63B9829D-6F54-491A-A18D-1E71EF2974AF}.Debug|Any CPU.Build.0 = Debug|Any CPU
		{63B9829D-6F54-491A-A18D-1E71EF2974AF}.Release|Any CPU.ActiveCfg = Release|Any CPU
		{63B9829D-6F54-491A-A18D-1E71EF2974AF}.Release|Any CPU.Build.0 = Release|Any CPU
		{CF68C4FC-ECC0-45D5-AB07-0E99BE677305}.Debug|Any CPU.ActiveCfg = Debug|Any CPU
		{CF68C4FC-ECC0-45D5-AB07-0E99BE677305}.Debug|Any CPU.Build.0 = Debug|Any CPU
		{CF68C4FC-ECC0-45D5-AB07-0E99BE677305}.Release|Any CPU.ActiveCfg = Release|Any CPU
		{CF68C4FC-ECC0-45D5-AB07-0E99BE677305}.Release|Any CPU.Build.0 = Release|Any CPU
		{3ABD42E2-9AD0-44E7-A20C-47B55462586A}.Debug|Any CPU.ActiveCfg = Debug|Any CPU
		{3ABD42E2-9AD0-44E7-A20C-47B55462586A}.Debug|Any CPU.Build.0 = Debug|Any CPU
		{3ABD42E2-9AD0-44E7-A20C-47B55462586A}.Release|Any CPU.ActiveCfg = Release|Any CPU
		{3ABD42E2-9AD0-44E7-A20C-47B55462586A}.Release|Any CPU.Build.0 = Release|Any CPU
		{9E259831-5376-4A6E-8F78-BB4FC348C5EB}.Debug|Any CPU.ActiveCfg = Debug|Any CPU
		{9E259831-5376-4A6E-8F78-BB4FC348C5EB}.Debug|Any CPU.Build.0 = Debug|Any CPU
		{9E259831-5376-4A6E-8F78-BB4FC348C5EB}.Release|Any CPU.ActiveCfg = Release|Any CPU
		{9E259831-5376-4A6E-8F78-BB4FC348C5EB}.Release|Any CPU.Build.0 = Release|Any CPU
		{4BB5C24B-705E-47FD-86F6-32F71A6C2BD9}.Debug|Any CPU.ActiveCfg = Debug|Any CPU
		{4BB5C24B-705E-47FD-86F6-32F71A6C2BD9}.Debug|Any CPU.Build.0 = Debug|Any CPU
		{4BB5C24B-705E-47FD-86F6-32F71A6C2BD9}.Release|Any CPU.ActiveCfg = Release|Any CPU
		{4BB5C24B-705E-47FD-86F6-32F71A6C2BD9}.Release|Any CPU.Build.0 = Release|Any CPU
		{0C8D9B20-59E9-4DF9-A144-EBB475B0AA0D}.Debug|Any CPU.ActiveCfg = Debug|Any CPU
		{0C8D9B20-59E9-4DF9-A144-EBB475B0AA0D}.Debug|Any CPU.Build.0 = Debug|Any CPU
		{0C8D9B20-59E9-4DF9-A144-EBB475B0AA0D}.Release|Any CPU.ActiveCfg = Release|Any CPU
		{0C8D9B20-59E9-4DF9-A144-EBB475B0AA0D}.Release|Any CPU.Build.0 = Release|Any CPU
		{4B25348C-394C-47F7-BEBF-A416EC876AA9}.Debug|Any CPU.ActiveCfg = Debug|Any CPU
		{4B25348C-394C-47F7-BEBF-A416EC876AA9}.Debug|Any CPU.Build.0 = Debug|Any CPU
		{4B25348C-394C-47F7-BEBF-A416EC876AA9}.Release|Any CPU.ActiveCfg = Release|Any CPU
		{4B25348C-394C-47F7-BEBF-A416EC876AA9}.Release|Any CPU.Build.0 = Release|Any CPU
		{BAD24E3F-D4B1-414C-A454-8436C13C94A7}.Debug|Any CPU.ActiveCfg = Debug|Any CPU
		{BAD24E3F-D4B1-414C-A454-8436C13C94A7}.Debug|Any CPU.Build.0 = Debug|Any CPU
		{BAD24E3F-D4B1-414C-A454-8436C13C94A7}.Release|Any CPU.ActiveCfg = Release|Any CPU
		{BAD24E3F-D4B1-414C-A454-8436C13C94A7}.Release|Any CPU.Build.0 = Release|Any CPU
		{7E71C114-0942-4568-8CA4-AF37E870E317}.Debug|Any CPU.ActiveCfg = Debug|Any CPU
		{7E71C114-0942-4568-8CA4-AF37E870E317}.Debug|Any CPU.Build.0 = Debug|Any CPU
		{7E71C114-0942-4568-8CA4-AF37E870E317}.Release|Any CPU.ActiveCfg = Release|Any CPU
		{7E71C114-0942-4568-8CA4-AF37E870E317}.Release|Any CPU.Build.0 = Release|Any CPU
		{3072619A-7A0D-4FF7-8582-95CDCD8887E6}.Debug|Any CPU.ActiveCfg = Debug|Any CPU
		{3072619A-7A0D-4FF7-8582-95CDCD8887E6}.Debug|Any CPU.Build.0 = Debug|Any CPU
		{3072619A-7A0D-4FF7-8582-95CDCD8887E6}.Release|Any CPU.ActiveCfg = Release|Any CPU
		{3072619A-7A0D-4FF7-8582-95CDCD8887E6}.Release|Any CPU.Build.0 = Release|Any CPU
	EndGlobalSection
	GlobalSection(SolutionProperties) = preSolution
		HideSolutionNode = FALSE
	EndGlobalSection
	GlobalSection(NestedProjects) = preSolution
		{9B8495C7-6AAD-403D-B2DC-E7786ECA08FF} = {08FBDED7-F952-4266-BB96-93C475D53102}
		{20C63705-3CEC-4BD6-826F-A25FEC72E76A} = {08FBDED7-F952-4266-BB96-93C475D53102}
		{63B9829D-6F54-491A-A18D-1E71EF2974AF} = {08FBDED7-F952-4266-BB96-93C475D53102}
		{CF68C4FC-ECC0-45D5-AB07-0E99BE677305} = {08FBDED7-F952-4266-BB96-93C475D53102}
		{3ABD42E2-9AD0-44E7-A20C-47B55462586A} = {4A9970C9-AE02-4C9E-B25B-9145327982C1}
		{9E259831-5376-4A6E-8F78-BB4FC348C5EB} = {08FBDED7-F952-4266-BB96-93C475D53102}
		{4BB5C24B-705E-47FD-86F6-32F71A6C2BD9} = {B2ED554B-4F6E-4B92-9CE6-2D5847B29FAE}
		{0C8D9B20-59E9-4DF9-A144-EBB475B0AA0D} = {B2ED554B-4F6E-4B92-9CE6-2D5847B29FAE}
		{4B25348C-394C-47F7-BEBF-A416EC876AA9} = {2570B4A5-3645-4A1F-93DF-F94079010964}
		{BAD24E3F-D4B1-414C-A454-8436C13C94A7} = {55452583-3B05-4348-9F32-5EF862A8670E}
		{7E71C114-0942-4568-8CA4-AF37E870E317} = {55452583-3B05-4348-9F32-5EF862A8670E}
		{3072619A-7A0D-4FF7-8582-95CDCD8887E6} = {55452583-3B05-4348-9F32-5EF862A8670E}
	EndGlobalSection
	GlobalSection(ExtensibilityGlobals) = postSolution
		SolutionGuid = {99F4A2BF-3065-4FF7-BE16-2955F75BCDF5}
	EndGlobalSection
EndGlobal
