
Microsoft Visual Studio Solution File, Format Version 12.00
Project("{FAE04EC0-301F-11D3-BF4B-00C04F79EFBC}") = "MineSharp.Core", "MineSharp.Core\MineSharp.Core.csproj", "{4D9DE515-02F9-432D-ABD3-DD1EAC8F033B}"
EndProject
Project("{2150E333-8FDC-42A3-9474-1A3956D46DE8}") = "Components", "Components", "{CAB43D13-C4AC-4D69-AB04-ECF9B514115D}"
EndProject
Project("{FAE04EC0-301F-11D3-BF4B-00C04F79EFBC}") = "MineSharp.Auth", "Components\MineSharp.Auth\MineSharp.Auth.csproj", "{63B60BB4-DB86-423A-9585-82FD060089F2}"
EndProject
Project("{FAE04EC0-301F-11D3-BF4B-00C04F79EFBC}") = "MineSharp.Protocol", "Components\MineSharp.Protocol\MineSharp.Protocol.csproj", "{4F3F3C20-B7DA-47E1-8751-1F90F22ADDB7}"
EndProject
Project("{FAE04EC0-301F-11D3-BF4B-00C04F79EFBC}") = "MineSharp.World", "Components\MineSharp.World\MineSharp.World.csproj", "{2B385CE0-26CA-4848-B791-3286600B2CFF}"
EndProject
Project("{2150E333-8FDC-42A3-9474-1A3956D46DE8}") = "Tests", "Tests", "{5FB9D901-4E29-4F19-B20B-E099C21A2C88}"
EndProject
Project("{FAE04EC0-301F-11D3-BF4B-00C04F79EFBC}") = "MineSharp.World.Tests", "Components\Tests\MineSharp.World.Tests\MineSharp.World.Tests.csproj", "{EBC07383-378A-47CE-B97A-D22703E9EF43}"
EndProject
Project("{FAE04EC0-301F-11D3-BF4B-00C04F79EFBC}") = "MineSharp.Windows", "Components\MineSharp.Windows\MineSharp.Windows.csproj", "{B756D51E-636F-45B9-9600-B50ADD64A61F}"
EndProject
Project("{FAE04EC0-301F-11D3-BF4B-00C04F79EFBC}") = "MineSharp.Windows.Tests", "Components\Tests\MineSharp.Windows.Tests\MineSharp.Windows.Tests.csproj", "{7DE700D4-E9C6-4C76-8276-CB7616AD959B}"
EndProject
Project("{FAE04EC0-301F-11D3-BF4B-00C04F79EFBC}") = "MineSharp.Physics", "Components\MineSharp.Physics\MineSharp.Physics.csproj", "{3DCD548E-7834-4665-BA10-10EB2BF83A8B}"
EndProject
Project("{FAE04EC0-301F-11D3-BF4B-00C04F79EFBC}") = "MineSharp.Bot", "MineSharp.Bot\MineSharp.Bot.csproj", "{EF690A10-E46C-4B38-9BBC-C72CBD3229A5}"
EndProject
Project("{FAE04EC0-301F-11D3-BF4B-00C04F79EFBC}") = "MineSharp.Commands", "Components\MineSharp.Commands\MineSharp.Commands.csproj", "{ACCD1366-DBDD-453D-80BD-150F2C5CDBDA}"
EndProject
Project("{FAE04EC0-301F-11D3-BF4B-00C04F79EFBC}") = "MineSharp.Bot.IntegrationTests", "MineSharp.Bot.IntegrationTests\MineSharp.Bot.IntegrationTests.csproj", "{1D8A5126-D720-4AEC-8FD1-5A70C69A0AD9}"
EndProject
Project("{2150E333-8FDC-42A3-9474-1A3956D46DE8}") = "Data", "Data", "{7441DE2E-3B7A-42F5-B3FC-FD25FCF46B8F}"
EndProject
Project("{FAE04EC0-301F-11D3-BF4B-00C04F79EFBC}") = "MineSharp.Data", "Data\MineSharp.Data\MineSharp.Data.csproj", "{D6F1AE8D-ACA3-4E2A-A103-13BE9579A70D}"
EndProject
Project("{FAE04EC0-301F-11D3-BF4B-00C04F79EFBC}") = "MineSharp.SourceGenerator", "Data\MineSharp.SourceGenerator\MineSharp.SourceGenerator.csproj", "{A1AC37F2-6209-473B-A787-0F1601998BEB}"
EndProject
Project("{FAE04EC0-301F-11D3-BF4B-00C04F79EFBC}") = "MineSharp.ChatComponent", "Components\MineSharp.ChatComponent\MineSharp.ChatComponent.csproj", "{6CFF9878-00D1-4FE3-9146-B6B2EE746A0C}"
EndProject
Project("{2150E333-8FDC-42A3-9474-1A3956D46DE8}") = "Plugins", "Plugins", "{4B55DF69-1176-4CB6-878C-5EE8A14134B8}"
EndProject
Project("{FAE04EC0-301F-11D3-BF4B-00C04F79EFBC}") = "MineSharp.Pathfinder", "Plugins\MineSharp.Pathfinder\MineSharp.Pathfinder.csproj", "{043D339E-C2F8-4243-9B0B-4F7C689BCA39}"
EndProject
Global
	GlobalSection(SolutionConfigurationPlatforms) = preSolution
		Debug|Any CPU = Debug|Any CPU
		Release|Any CPU = Release|Any CPU
	EndGlobalSection
	GlobalSection(ProjectConfigurationPlatforms) = postSolution
		{4D9DE515-02F9-432D-ABD3-DD1EAC8F033B}.Debug|Any CPU.ActiveCfg = Debug|Any CPU
		{4D9DE515-02F9-432D-ABD3-DD1EAC8F033B}.Debug|Any CPU.Build.0 = Debug|Any CPU
		{4D9DE515-02F9-432D-ABD3-DD1EAC8F033B}.Release|Any CPU.ActiveCfg = Release|Any CPU
		{4D9DE515-02F9-432D-ABD3-DD1EAC8F033B}.Release|Any CPU.Build.0 = Release|Any CPU
		{63B60BB4-DB86-423A-9585-82FD060089F2}.Debug|Any CPU.ActiveCfg = Debug|Any CPU
		{63B60BB4-DB86-423A-9585-82FD060089F2}.Debug|Any CPU.Build.0 = Debug|Any CPU
		{63B60BB4-DB86-423A-9585-82FD060089F2}.Release|Any CPU.ActiveCfg = Release|Any CPU
		{63B60BB4-DB86-423A-9585-82FD060089F2}.Release|Any CPU.Build.0 = Release|Any CPU
		{4F3F3C20-B7DA-47E1-8751-1F90F22ADDB7}.Debug|Any CPU.ActiveCfg = Debug|Any CPU
		{4F3F3C20-B7DA-47E1-8751-1F90F22ADDB7}.Debug|Any CPU.Build.0 = Debug|Any CPU
		{4F3F3C20-B7DA-47E1-8751-1F90F22ADDB7}.Release|Any CPU.ActiveCfg = Release|Any CPU
		{4F3F3C20-B7DA-47E1-8751-1F90F22ADDB7}.Release|Any CPU.Build.0 = Release|Any CPU
		{2B385CE0-26CA-4848-B791-3286600B2CFF}.Debug|Any CPU.ActiveCfg = Debug|Any CPU
		{2B385CE0-26CA-4848-B791-3286600B2CFF}.Debug|Any CPU.Build.0 = Debug|Any CPU
		{2B385CE0-26CA-4848-B791-3286600B2CFF}.Release|Any CPU.ActiveCfg = Release|Any CPU
		{2B385CE0-26CA-4848-B791-3286600B2CFF}.Release|Any CPU.Build.0 = Release|Any CPU
		{EBC07383-378A-47CE-B97A-D22703E9EF43}.Debug|Any CPU.ActiveCfg = Debug|Any CPU
		{EBC07383-378A-47CE-B97A-D22703E9EF43}.Debug|Any CPU.Build.0 = Debug|Any CPU
		{EBC07383-378A-47CE-B97A-D22703E9EF43}.Release|Any CPU.ActiveCfg = Release|Any CPU
		{EBC07383-378A-47CE-B97A-D22703E9EF43}.Release|Any CPU.Build.0 = Release|Any CPU
		{B756D51E-636F-45B9-9600-B50ADD64A61F}.Debug|Any CPU.ActiveCfg = Debug|Any CPU
		{B756D51E-636F-45B9-9600-B50ADD64A61F}.Debug|Any CPU.Build.0 = Debug|Any CPU
		{B756D51E-636F-45B9-9600-B50ADD64A61F}.Release|Any CPU.ActiveCfg = Release|Any CPU
		{B756D51E-636F-45B9-9600-B50ADD64A61F}.Release|Any CPU.Build.0 = Release|Any CPU
		{7DE700D4-E9C6-4C76-8276-CB7616AD959B}.Debug|Any CPU.ActiveCfg = Debug|Any CPU
		{7DE700D4-E9C6-4C76-8276-CB7616AD959B}.Debug|Any CPU.Build.0 = Debug|Any CPU
		{7DE700D4-E9C6-4C76-8276-CB7616AD959B}.Release|Any CPU.ActiveCfg = Release|Any CPU
		{7DE700D4-E9C6-4C76-8276-CB7616AD959B}.Release|Any CPU.Build.0 = Release|Any CPU
		{3DCD548E-7834-4665-BA10-10EB2BF83A8B}.Debug|Any CPU.ActiveCfg = Debug|Any CPU
		{3DCD548E-7834-4665-BA10-10EB2BF83A8B}.Debug|Any CPU.Build.0 = Debug|Any CPU
		{3DCD548E-7834-4665-BA10-10EB2BF83A8B}.Release|Any CPU.ActiveCfg = Release|Any CPU
		{3DCD548E-7834-4665-BA10-10EB2BF83A8B}.Release|Any CPU.Build.0 = Release|Any CPU
		{EF690A10-E46C-4B38-9BBC-C72CBD3229A5}.Debug|Any CPU.ActiveCfg = Debug|Any CPU
		{EF690A10-E46C-4B38-9BBC-C72CBD3229A5}.Debug|Any CPU.Build.0 = Debug|Any CPU
		{EF690A10-E46C-4B38-9BBC-C72CBD3229A5}.Release|Any CPU.ActiveCfg = Release|Any CPU
		{EF690A10-E46C-4B38-9BBC-C72CBD3229A5}.Release|Any CPU.Build.0 = Release|Any CPU
		{ACCD1366-DBDD-453D-80BD-150F2C5CDBDA}.Debug|Any CPU.ActiveCfg = Debug|Any CPU
		{ACCD1366-DBDD-453D-80BD-150F2C5CDBDA}.Debug|Any CPU.Build.0 = Debug|Any CPU
		{ACCD1366-DBDD-453D-80BD-150F2C5CDBDA}.Release|Any CPU.ActiveCfg = Release|Any CPU
		{ACCD1366-DBDD-453D-80BD-150F2C5CDBDA}.Release|Any CPU.Build.0 = Release|Any CPU
		{1D8A5126-D720-4AEC-8FD1-5A70C69A0AD9}.Debug|Any CPU.ActiveCfg = Debug|Any CPU
		{1D8A5126-D720-4AEC-8FD1-5A70C69A0AD9}.Debug|Any CPU.Build.0 = Debug|Any CPU
		{1D8A5126-D720-4AEC-8FD1-5A70C69A0AD9}.Release|Any CPU.ActiveCfg = Release|Any CPU
		{1D8A5126-D720-4AEC-8FD1-5A70C69A0AD9}.Release|Any CPU.Build.0 = Release|Any CPU
		{D6F1AE8D-ACA3-4E2A-A103-13BE9579A70D}.Debug|Any CPU.ActiveCfg = Debug|Any CPU
		{D6F1AE8D-ACA3-4E2A-A103-13BE9579A70D}.Debug|Any CPU.Build.0 = Debug|Any CPU
		{D6F1AE8D-ACA3-4E2A-A103-13BE9579A70D}.Release|Any CPU.ActiveCfg = Release|Any CPU
		{D6F1AE8D-ACA3-4E2A-A103-13BE9579A70D}.Release|Any CPU.Build.0 = Release|Any CPU
		{A1AC37F2-6209-473B-A787-0F1601998BEB}.Debug|Any CPU.ActiveCfg = Debug|Any CPU
		{A1AC37F2-6209-473B-A787-0F1601998BEB}.Debug|Any CPU.Build.0 = Debug|Any CPU
		{A1AC37F2-6209-473B-A787-0F1601998BEB}.Release|Any CPU.ActiveCfg = Release|Any CPU
		{A1AC37F2-6209-473B-A787-0F1601998BEB}.Release|Any CPU.Build.0 = Release|Any CPU
		{6CFF9878-00D1-4FE3-9146-B6B2EE746A0C}.Debug|Any CPU.ActiveCfg = Debug|Any CPU
		{6CFF9878-00D1-4FE3-9146-B6B2EE746A0C}.Debug|Any CPU.Build.0 = Debug|Any CPU
		{6CFF9878-00D1-4FE3-9146-B6B2EE746A0C}.Release|Any CPU.ActiveCfg = Release|Any CPU
		{6CFF9878-00D1-4FE3-9146-B6B2EE746A0C}.Release|Any CPU.Build.0 = Release|Any CPU
		{043D339E-C2F8-4243-9B0B-4F7C689BCA39}.Debug|Any CPU.ActiveCfg = Debug|Any CPU
		{043D339E-C2F8-4243-9B0B-4F7C689BCA39}.Debug|Any CPU.Build.0 = Debug|Any CPU
		{043D339E-C2F8-4243-9B0B-4F7C689BCA39}.Release|Any CPU.ActiveCfg = Release|Any CPU
		{043D339E-C2F8-4243-9B0B-4F7C689BCA39}.Release|Any CPU.Build.0 = Release|Any CPU
	EndGlobalSection
	GlobalSection(NestedProjects) = preSolution
		{63B60BB4-DB86-423A-9585-82FD060089F2} = {CAB43D13-C4AC-4D69-AB04-ECF9B514115D}
		{4F3F3C20-B7DA-47E1-8751-1F90F22ADDB7} = {CAB43D13-C4AC-4D69-AB04-ECF9B514115D}
		{2B385CE0-26CA-4848-B791-3286600B2CFF} = {CAB43D13-C4AC-4D69-AB04-ECF9B514115D}
		{5FB9D901-4E29-4F19-B20B-E099C21A2C88} = {CAB43D13-C4AC-4D69-AB04-ECF9B514115D}
		{EBC07383-378A-47CE-B97A-D22703E9EF43} = {5FB9D901-4E29-4F19-B20B-E099C21A2C88}
		{B756D51E-636F-45B9-9600-B50ADD64A61F} = {CAB43D13-C4AC-4D69-AB04-ECF9B514115D}
		{7DE700D4-E9C6-4C76-8276-CB7616AD959B} = {5FB9D901-4E29-4F19-B20B-E099C21A2C88}
		{3DCD548E-7834-4665-BA10-10EB2BF83A8B} = {CAB43D13-C4AC-4D69-AB04-ECF9B514115D}
		{ACCD1366-DBDD-453D-80BD-150F2C5CDBDA} = {CAB43D13-C4AC-4D69-AB04-ECF9B514115D}
		{D6F1AE8D-ACA3-4E2A-A103-13BE9579A70D} = {7441DE2E-3B7A-42F5-B3FC-FD25FCF46B8F}
		{A1AC37F2-6209-473B-A787-0F1601998BEB} = {7441DE2E-3B7A-42F5-B3FC-FD25FCF46B8F}
		{6CFF9878-00D1-4FE3-9146-B6B2EE746A0C} = {CAB43D13-C4AC-4D69-AB04-ECF9B514115D}
		{043D339E-C2F8-4243-9B0B-4F7C689BCA39} = {4B55DF69-1176-4CB6-878C-5EE8A14134B8}
	EndGlobalSection
EndGlobal
