
Microsoft Visual Studio Solution File, Format Version 12.00
# Visual Studio Version 17
VisualStudioVersion = 17.0.32112.339
MinimumVisualStudioVersion = 10.0.40219.1
Project("{9A19103F-16F7-4668-BE54-9A1E7A4F7556}") = "MineSharp.Core", "MineSharp.Core\MineSharp.Core.csproj", "{F766D40E-2890-43B5-9647-FCDAB5EDC6DA}"
EndProject
Project("{9A19103F-16F7-4668-BE54-9A1E7A4F7556}") = "MineSharp.Data", "MineSharp.Data\MineSharp.Data.csproj", "{ACA63FF8-B90E-4435-BCBB-98F0A0D87DBB}"
EndProject
Project("{9A19103F-16F7-4668-BE54-9A1E7A4F7556}") = "MineSharp.Bot", "MineSharp.Bot\MineSharp.Bot.csproj", "{BE1F403C-749A-4AA1-A980-98BACB57ABC8}"
EndProject
Project("{2150E333-8FDC-42A3-9474-1A3956D46DE8}") = "Components", "Components", "{08FBDED7-F952-4266-BB96-93C475D53102}"
EndProject
Project("{9A19103F-16F7-4668-BE54-9A1E7A4F7556}") = "MineSharp.MojangAuth", "Components\MineSharp.MojangAuth\MineSharp.MojangAuth.csproj", "{9B8495C7-6AAD-403D-B2DC-E7786ECA08FF}"
EndProject
Project("{9A19103F-16F7-4668-BE54-9A1E7A4F7556}") = "MineSharp.Physics", "Components\MineSharp.Physics\MineSharp.Physics.csproj", "{20C63705-3CEC-4BD6-826F-A25FEC72E76A}"
EndProject
Project("{9A19103F-16F7-4668-BE54-9A1E7A4F7556}") = "MineSharp.Protocol", "Components\MineSharp.Protocol\MineSharp.Protocol.csproj", "{63B9829D-6F54-491A-A18D-1E71EF2974AF}"
EndProject
Project("{9A19103F-16F7-4668-BE54-9A1E7A4F7556}") = "MineSharp.World", "Components\MineSharp.World\MineSharp.World.csproj", "{CF68C4FC-ECC0-45D5-AB07-0E99BE677305}"
EndProject
Project("{2150E333-8FDC-42A3-9474-1A3956D46DE8}") = "Clients", "Clients", "{4A9970C9-AE02-4C9E-B25B-9145327982C1}"
EndProject
Project("{9A19103F-16F7-4668-BE54-9A1E7A4F7556}") = "MineSharp.ConsoleClient", "Clients\MineSharp.ConsoleClient\MineSharp.ConsoleClient.csproj", "{3ABD42E2-9AD0-44E7-A20C-47B55462586A}"
EndProject
Project("{2150E333-8FDC-42A3-9474-1A3956D46DE8}") = "Extras", "Extras", "{F73465AF-9EA1-4E44-B43D-44E0D3E9DDCF}"
EndProject
Project("{9A19103F-16F7-4668-BE54-9A1E7A4F7556}") = "GenerateData", "Extras\GenerateData\GenerateData.csproj", "{18EE18D7-7A90-4E2F-A094-115F70539889}"
EndProject
Project("{2150E333-8FDC-42A3-9474-1A3956D46DE8}") = "Solution Items", "Solution Items", "{E598B1DD-945B-4C4E-9D31-D32E45ADD171}"
	ProjectSection(SolutionItems) = preProject
		README.md = README.md
	EndProjectSection
EndProject
Project("{9A19103F-16F7-4668-BE54-9A1E7A4F7556}") = "MineSharp.StateMachine", "MineSharp.StateMachine\MineSharp.StateMachine.csproj", "{AA8A8579-95B2-4B65-B938-B4EA63A111C3}"
EndProject
Project("{2150E333-8FDC-42A3-9474-1A3956D46DE8}") = "WebInterface", "WebInterface", "{7E74A6A8-DF80-4EE1-9728-8BCCC84C69B5}"
EndProject
Project("{9A19103F-16F7-4668-BE54-9A1E7A4F7556}") = "MineSharp.WebInterface", "Clients\WebInterface\MineSharp.WebInterface\MineSharp.WebInterface.csproj", "{38BEAA92-E0B7-47F4-8CEB-2C0E99F973C5}"
EndProject
Project("{E53339B2-1760-4266-BCC7-CA923CBCF16C}") = "docker-compose", "Clients\WebInterface\docker-compose.dcproj", "{AE10353F-2F01-457E-A3E8-E5653F2D913F}"
EndProject
Global
	GlobalSection(SolutionConfigurationPlatforms) = preSolution
		Debug|Any CPU = Debug|Any CPU
		Release|Any CPU = Release|Any CPU
	EndGlobalSection
	GlobalSection(ProjectConfigurationPlatforms) = postSolution
		{F766D40E-2890-43B5-9647-FCDAB5EDC6DA}.Debug|Any CPU.ActiveCfg = Debug|Any CPU
		{F766D40E-2890-43B5-9647-FCDAB5EDC6DA}.Debug|Any CPU.Build.0 = Debug|Any CPU
		{F766D40E-2890-43B5-9647-FCDAB5EDC6DA}.Release|Any CPU.ActiveCfg = Release|Any CPU
		{F766D40E-2890-43B5-9647-FCDAB5EDC6DA}.Release|Any CPU.Build.0 = Release|Any CPU
		{ACA63FF8-B90E-4435-BCBB-98F0A0D87DBB}.Debug|Any CPU.ActiveCfg = Debug|Any CPU
		{ACA63FF8-B90E-4435-BCBB-98F0A0D87DBB}.Debug|Any CPU.Build.0 = Debug|Any CPU
		{ACA63FF8-B90E-4435-BCBB-98F0A0D87DBB}.Release|Any CPU.ActiveCfg = Release|Any CPU
		{ACA63FF8-B90E-4435-BCBB-98F0A0D87DBB}.Release|Any CPU.Build.0 = Release|Any CPU
		{BE1F403C-749A-4AA1-A980-98BACB57ABC8}.Debug|Any CPU.ActiveCfg = Debug|Any CPU
		{BE1F403C-749A-4AA1-A980-98BACB57ABC8}.Debug|Any CPU.Build.0 = Debug|Any CPU
		{BE1F403C-749A-4AA1-A980-98BACB57ABC8}.Release|Any CPU.ActiveCfg = Release|Any CPU
		{BE1F403C-749A-4AA1-A980-98BACB57ABC8}.Release|Any CPU.Build.0 = Release|Any CPU
		{9B8495C7-6AAD-403D-B2DC-E7786ECA08FF}.Debug|Any CPU.ActiveCfg = Debug|Any CPU
		{9B8495C7-6AAD-403D-B2DC-E7786ECA08FF}.Debug|Any CPU.Build.0 = Debug|Any CPU
		{9B8495C7-6AAD-403D-B2DC-E7786ECA08FF}.Release|Any CPU.ActiveCfg = Release|Any CPU
		{9B8495C7-6AAD-403D-B2DC-E7786ECA08FF}.Release|Any CPU.Build.0 = Release|Any CPU
		{20C63705-3CEC-4BD6-826F-A25FEC72E76A}.Debug|Any CPU.ActiveCfg = Debug|Any CPU
		{20C63705-3CEC-4BD6-826F-A25FEC72E76A}.Debug|Any CPU.Build.0 = Debug|Any CPU
		{20C63705-3CEC-4BD6-826F-A25FEC72E76A}.Release|Any CPU.ActiveCfg = Release|Any CPU
		{20C63705-3CEC-4BD6-826F-A25FEC72E76A}.Release|Any CPU.Build.0 = Release|Any CPU
		{63B9829D-6F54-491A-A18D-1E71EF2974AF}.Debug|Any CPU.ActiveCfg = Debug|Any CPU
		{63B9829D-6F54-491A-A18D-1E71EF2974AF}.Debug|Any CPU.Build.0 = Debug|Any CPU
		{63B9829D-6F54-491A-A18D-1E71EF2974AF}.Release|Any CPU.ActiveCfg = Release|Any CPU
		{63B9829D-6F54-491A-A18D-1E71EF2974AF}.Release|Any CPU.Build.0 = Release|Any CPU
		{CF68C4FC-ECC0-45D5-AB07-0E99BE677305}.Debug|Any CPU.ActiveCfg = Debug|Any CPU
		{CF68C4FC-ECC0-45D5-AB07-0E99BE677305}.Debug|Any CPU.Build.0 = Debug|Any CPU
		{CF68C4FC-ECC0-45D5-AB07-0E99BE677305}.Release|Any CPU.ActiveCfg = Release|Any CPU
		{CF68C4FC-ECC0-45D5-AB07-0E99BE677305}.Release|Any CPU.Build.0 = Release|Any CPU
		{3ABD42E2-9AD0-44E7-A20C-47B55462586A}.Debug|Any CPU.ActiveCfg = Debug|Any CPU
		{3ABD42E2-9AD0-44E7-A20C-47B55462586A}.Debug|Any CPU.Build.0 = Debug|Any CPU
		{3ABD42E2-9AD0-44E7-A20C-47B55462586A}.Release|Any CPU.ActiveCfg = Release|Any CPU
		{3ABD42E2-9AD0-44E7-A20C-47B55462586A}.Release|Any CPU.Build.0 = Release|Any CPU
		{18EE18D7-7A90-4E2F-A094-115F70539889}.Debug|Any CPU.ActiveCfg = Debug|Any CPU
		{18EE18D7-7A90-4E2F-A094-115F70539889}.Debug|Any CPU.Build.0 = Debug|Any CPU
		{18EE18D7-7A90-4E2F-A094-115F70539889}.Release|Any CPU.ActiveCfg = Release|Any CPU
		{18EE18D7-7A90-4E2F-A094-115F70539889}.Release|Any CPU.Build.0 = Release|Any CPU
		{AA8A8579-95B2-4B65-B938-B4EA63A111C3}.Debug|Any CPU.ActiveCfg = Debug|Any CPU
		{AA8A8579-95B2-4B65-B938-B4EA63A111C3}.Debug|Any CPU.Build.0 = Debug|Any CPU
		{AA8A8579-95B2-4B65-B938-B4EA63A111C3}.Release|Any CPU.ActiveCfg = Release|Any CPU
		{AA8A8579-95B2-4B65-B938-B4EA63A111C3}.Release|Any CPU.Build.0 = Release|Any CPU
		{38BEAA92-E0B7-47F4-8CEB-2C0E99F973C5}.Debug|Any CPU.ActiveCfg = Debug|Any CPU
		{38BEAA92-E0B7-47F4-8CEB-2C0E99F973C5}.Debug|Any CPU.Build.0 = Debug|Any CPU
		{38BEAA92-E0B7-47F4-8CEB-2C0E99F973C5}.Release|Any CPU.ActiveCfg = Release|Any CPU
		{38BEAA92-E0B7-47F4-8CEB-2C0E99F973C5}.Release|Any CPU.Build.0 = Release|Any CPU
		{AE10353F-2F01-457E-A3E8-E5653F2D913F}.Debug|Any CPU.ActiveCfg = Debug|Any CPU
		{AE10353F-2F01-457E-A3E8-E5653F2D913F}.Debug|Any CPU.Build.0 = Debug|Any CPU
		{AE10353F-2F01-457E-A3E8-E5653F2D913F}.Release|Any CPU.ActiveCfg = Release|Any CPU
		{AE10353F-2F01-457E-A3E8-E5653F2D913F}.Release|Any CPU.Build.0 = Release|Any CPU
	EndGlobalSection
	GlobalSection(SolutionProperties) = preSolution
		HideSolutionNode = FALSE
	EndGlobalSection
	GlobalSection(NestedProjects) = preSolution
		{9B8495C7-6AAD-403D-B2DC-E7786ECA08FF} = {08FBDED7-F952-4266-BB96-93C475D53102}
		{20C63705-3CEC-4BD6-826F-A25FEC72E76A} = {08FBDED7-F952-4266-BB96-93C475D53102}
		{63B9829D-6F54-491A-A18D-1E71EF2974AF} = {08FBDED7-F952-4266-BB96-93C475D53102}
		{CF68C4FC-ECC0-45D5-AB07-0E99BE677305} = {08FBDED7-F952-4266-BB96-93C475D53102}
		{3ABD42E2-9AD0-44E7-A20C-47B55462586A} = {4A9970C9-AE02-4C9E-B25B-9145327982C1}
		{18EE18D7-7A90-4E2F-A094-115F70539889} = {F73465AF-9EA1-4E44-B43D-44E0D3E9DDCF}
		{AA8A8579-95B2-4B65-B938-B4EA63A111C3} = {08FBDED7-F952-4266-BB96-93C475D53102}
		{7E74A6A8-DF80-4EE1-9728-8BCCC84C69B5} = {4A9970C9-AE02-4C9E-B25B-9145327982C1}
		{38BEAA92-E0B7-47F4-8CEB-2C0E99F973C5} = {7E74A6A8-DF80-4EE1-9728-8BCCC84C69B5}
		{AE10353F-2F01-457E-A3E8-E5653F2D913F} = {7E74A6A8-DF80-4EE1-9728-8BCCC84C69B5}
	EndGlobalSection
	GlobalSection(ExtensibilityGlobals) = postSolution
		SolutionGuid = {99F4A2BF-3065-4FF7-BE16-2955F75BCDF5}
	EndGlobalSection
EndGlobal
